PODS:
  - AFNetworking (1.0.1)
  - BugSense (3.5.1)
  - CDZLinkOpenManager (1.0)
  - CDZPinger (1.0.1)
  - CDZQRScanningViewController (1.0.6)
  - KissXML (5.0)
  - MBProgressHUD (0.8)

DEPENDENCIES:
  - AFNetworking
  - BugSense
  - CDZLinkOpenManager (from `https://raw.github.com/cdzombak/CDZLinkOpenManager/master/CDZLinkOpenManager.podspec`)
  - CDZPinger (from `https://raw.github.com/cdzombak/CDZPinger/master/CDZPinger.podspec`)
  - CDZQRScanningViewController (from `https://raw.github.com/cdzombak/CDZQRScanningViewController/ae676282eab951cb002cf5da41c6302f5558b26f/CDZQRScanningViewController.podspec`)
  - KissXML
  - MBProgressHUD (~> 0.8)

EXTERNAL SOURCES:
  CDZLinkOpenManager:
    :podspec: https://raw.github.com/cdzombak/CDZLinkOpenManager/master/CDZLinkOpenManager.podspec
  CDZPinger:
    :podspec: https://raw.github.com/cdzombak/CDZPinger/master/CDZPinger.podspec
  CDZQRScanningViewController:
    :podspec: https://raw.github.com/cdzombak/CDZQRScanningViewController/ae676282eab951cb002cf5da41c6302f5558b26f/CDZQRScanningViewController.podspec

SPEC CHECKSUMS:
  AFNetworking: 0bce3ae41023e080e96b8a2e0d07c94709f72a81
  BugSense: d6c7be4f7edef7ac0d3867a0aa83bc339587a9b2
  CDZLinkOpenManager: 3085d07c7572b2fdc80217d8a3bc350a977f19b9
  CDZPinger: 0f2065066e00107f9425cebb3b151e2f2d9f627c
  CDZQRScanningViewController: e175e24edf26ecf707e7de0dd7b6fa38a6e10cb4
  KissXML: 4c66b6f39ef49c23e6bb8d335b94136f12b1b615
  MBProgressHUD: 2bbc6f470111daf7f3eaa4eb12b8cbf01c4c0622

COCOAPODS: 0.27.1
