// !$*UTF8*$!
{
	archiveVersion = 1;
	classes = {
	};
	objectVersion = 46;
	objects = {

/* Begin PBXBuildFile section */
		130AAD4E603A434F8D6A27DC /* libPods.a in Frameworks */ = {isa = PBXBuildFile; fileRef = 5465409E48DF47418E17CBD0 /* libPods.a */; };
		83D310D61706154500BBE53D /* BVMBrowserSelectorViewController.m in Sources */ = {isa = PBXBuildFile; fileRef = 83D310D51706154500BBE53D /* BVMBrowserSelectorViewController.m */; };
		932709BC1682353E0013DEB5 /* UIKit.framework in Frameworks */ = {isa = PBXBuildFile; fileRef = 932709BB1682353E0013DEB5 /* UIKit.framework */; };
		932709BE1682353E0013DEB5 /* Foundation.framework in Frameworks */ = {isa = PBXBuildFile; fileRef = 932709BD1682353E0013DEB5 /* Foundation.framework */; };
		932709C01682353E0013DEB5 /* CoreGraphics.framework in Frameworks */ = {isa = PBXBuildFile; fileRef = 932709BF1682353E0013DEB5 /* CoreGraphics.framework */; };
		932709C61682353E0013DEB5 /* InfoPlist.strings in Resources */ = {isa = PBXBuildFile; fileRef = 932709C41682353E0013DEB5 /* InfoPlist.strings */; };
		932709C81682353E0013DEB5 /* main.m in Sources */ = {isa = PBXBuildFile; fileRef = 932709C71682353E0013DEB5 /* main.m */; };
		932709CC1682353E0013DEB5 /* BVMAppDelegate.m in Sources */ = {isa = PBXBuildFile; fileRef = 932709CB1682353E0013DEB5 /* BVMAppDelegate.m */; };
		932709CE1682353E0013DEB5 /* Default.png in Resources */ = {isa = PBXBuildFile; fileRef = 932709CD1682353E0013DEB5 /* Default.png */; };
		932709D01682353E0013DEB5 /* Default@2x.png in Resources */ = {isa = PBXBuildFile; fileRef = 932709CF1682353E0013DEB5 /* Default@2x.png */; };
		932709D21682353E0013DEB5 /* Default-568h@2x.png in Resources */ = {isa = PBXBuildFile; fileRef = 932709D11682353E0013DEB5 /* Default-568h@2x.png */; };
		932709E916823FB80013DEB5 /* BVMServerActionPerform.m in Sources */ = {isa = PBXBuildFile; fileRef = 932709E816823FB80013DEB5 /* BVMServerActionPerform.m */; };
		932709EC1682411A0013DEB5 /* BVMAPIClient.m in Sources */ = {isa = PBXBuildFile; fileRef = 932709EB1682411A0013DEB5 /* BVMAPIClient.m */; };
		932709EF168243950013DEB5 /* BVMServerInfo.m in Sources */ = {isa = PBXBuildFile; fileRef = 932709EE168243950013DEB5 /* BVMServerInfo.m */; };
		932709F3168244E20013DEB5 /* BVMServerViewController.m in Sources */ = {isa = PBXBuildFile; fileRef = 932709F2168244E20013DEB5 /* BVMServerViewController.m */; };
		93270A02168269740013DEB5 /* NSArray+BVMArrayExtensions.m in Sources */ = {isa = PBXBuildFile; fileRef = 93270A01168269740013DEB5 /* NSArray+BVMArrayExtensions.m */; };
		93270A051682726F0013DEB5 /* BVMHumanValueTransformer.m in Sources */ = {isa = PBXBuildFile; fileRef = 93270A041682726F0013DEB5 /* BVMHumanValueTransformer.m */; };
		935FEEC216829B4700BE3892 /* BVMIPListViewController.m in Sources */ = {isa = PBXBuildFile; fileRef = 935FEEC116829B4700BE3892 /* BVMIPListViewController.m */; };
		935FEEC61682A0FA00BE3892 /* BVMSizesListViewController.m in Sources */ = {isa = PBXBuildFile; fileRef = 935FEEC51682A0FA00BE3892 /* BVMSizesListViewController.m */; };
		935FEED11682BC3700BE3892 /* BVMServersManager.m in Sources */ = {isa = PBXBuildFile; fileRef = 935FEED01682BC3700BE3892 /* BVMServersManager.m */; };
		935FEED41682C06900BE3892 /* BVMServersListViewController.m in Sources */ = {isa = PBXBuildFile; fileRef = 935FEED31682C06900BE3892 /* BVMServersListViewController.m */; };
		935FEEDA1682CC2600BE3892 /* BVMTextFieldTableViewCell.m in Sources */ = {isa = PBXBuildFile; fileRef = 935FEED91682CC2500BE3892 /* BVMTextFieldTableViewCell.m */; };
		937CCC431684F4500075BD01 /* NSError+BVMErrors.m in Sources */ = {isa = PBXBuildFile; fileRef = 93BADD4A1684E47A00B0CD6F /* NSError+BVMErrors.m */; };
		937CCC451684F5B70075BD01 /* BVMErrorDomain.m in Sources */ = {isa = PBXBuildFile; fileRef = 937CCC441684F5B70075BD01 /* BVMErrorDomain.m */; };
		937CCC6C168528100075BD01 /* 119-Camera.png in Resources */ = {isa = PBXBuildFile; fileRef = 937CCC6B168528100075BD01 /* 119-Camera.png */; };
		937CCC6E168528240075BD01 /* 119-Camera@2x.png in Resources */ = {isa = PBXBuildFile; fileRef = 937CCC6D168528240075BD01 /* 119-Camera@2x.png */; };
		937CCC71168533700075BD01 /* BVMAboutSettingsViewController.m in Sources */ = {isa = PBXBuildFile; fileRef = 937CCC70168533700075BD01 /* BVMAboutSettingsViewController.m */; };
		937CCC98168631D70075BD01 /* Icon-72.png in Resources */ = {isa = PBXBuildFile; fileRef = 937CCC92168631D70075BD01 /* Icon-72.png */; };
		937CCC99168631D70075BD01 /* Icon-72@2x.png in Resources */ = {isa = PBXBuildFile; fileRef = 937CCC93168631D70075BD01 /* Icon-72@2x.png */; };
		937CCC9A168631D70075BD01 /* Icon.png in Resources */ = {isa = PBXBuildFile; fileRef = 937CCC94168631D70075BD01 /* Icon.png */; };
		937CCC9B168631D70075BD01 /* Icon@2x.png in Resources */ = {isa = PBXBuildFile; fileRef = 937CCC95168631D70075BD01 /* Icon@2x.png */; };
		937CCC9C168631D70075BD01 /* iTunesArtwork in Resources */ = {isa = PBXBuildFile; fileRef = 937CCC96168631D70075BD01 /* iTunesArtwork */; };
		937CCC9F168633FF0075BD01 /* iTunesArtwork@2x in Resources */ = {isa = PBXBuildFile; fileRef = 937CCC9E168633FF0075BD01 /* iTunesArtwork@2x */; };
		9382C97216E3F36B00191302 /* BVMEmptyDetailViewController.m in Sources */ = {isa = PBXBuildFile; fileRef = 9382C97016E3F36B00191302 /* BVMEmptyDetailViewController.m */; };
		9382C97316E3F36B00191302 /* BVMEmptyDetailViewController.xib in Resources */ = {isa = PBXBuildFile; fileRef = 9382C97116E3F36B00191302 /* BVMEmptyDetailViewController.xib */; };
		9382EEAB1684F0200032E864 /* SystemConfiguration.framework in Frameworks */ = {isa = PBXBuildFile; fileRef = 9382EEAA1684F0200032E864 /* SystemConfiguration.framework */; settings = {ATTRIBUTES = (Required, ); }; };
		93ADFEC4168E6F5600F8256C /* Default-Landscape.png in Resources */ = {isa = PBXBuildFile; fileRef = 93ADFEC0168E6F5600F8256C /* Default-Landscape.png */; };
		93ADFEC5168E6F5600F8256C /* Default-Landscape@2x.png in Resources */ = {isa = PBXBuildFile; fileRef = 93ADFEC1168E6F5600F8256C /* Default-Landscape@2x.png */; };
		93ADFEC6168E6F5600F8256C /* Default-Portrait.png in Resources */ = {isa = PBXBuildFile; fileRef = 93ADFEC2168E6F5600F8256C /* Default-Portrait.png */; };
		93ADFEC7168E6F5600F8256C /* Default-Portrait@2x.png in Resources */ = {isa = PBXBuildFile; fileRef = 93ADFEC3168E6F5600F8256C /* Default-Portrait@2x.png */; };
		93ADFEDD168EB82C00F8256C /* KCMutableDictionary.m in Sources */ = {isa = PBXBuildFile; fileRef = 93ADFEDC168EB82C00F8256C /* KCMutableDictionary.m */; };
		93ADFEDF168EBC8E00F8256C /* Security.framework in Frameworks */ = {isa = PBXBuildFile; fileRef = 93ADFEDE168EBC8E00F8256C /* Security.framework */; };
		93ADFEE1168F487F00F8256C /* BVMAddEditServerViewController.m in Sources */ = {isa = PBXBuildFile; fileRef = 93ADFEE0168F487F00F8256C /* BVMAddEditServerViewController.m */; };
		93BADD411683C19900B0CD6F /* UIColor+BVMColors.m in Sources */ = {isa = PBXBuildFile; fileRef = 93BADD401683C19900B0CD6F /* UIColor+BVMColors.m */; };
		93BADD481684DE9D00B0CD6F /* BVMAPIResponseParser.m in Sources */ = {isa = PBXBuildFile; fileRef = 93BADD471684DE9D00B0CD6F /* BVMAPIResponseParser.m */; };
		93E5D84916EE83EA00C57111 /* 072-Settings@2x.png in Resources */ = {isa = PBXBuildFile; fileRef = 93E5D84816EE83EA00C57111 /* 072-Settings@2x.png */; };
		93E5D84B16EE83FE00C57111 /* 072-Settings.png in Resources */ = {isa = PBXBuildFile; fileRef = 93E5D84A16EE83FE00C57111 /* 072-Settings.png */; };
/* End PBXBuildFile section */

/* Begin PBXFileReference section */
		5465409E48DF47418E17CBD0 /* libPods.a */ = {isa = PBXFileReference; explicitFileType = archive.ar; includeInIndex = 0; path = libPods.a; sourceTree = BUILT_PRODUCTS_DIR; };
		80B2C269AC9B4268AAA56007 /* Pods.xcconfig */ = {isa = PBXFileReference; includeInIndex = 1; lastKnownFileType = text.xcconfig; name = Pods.xcconfig; path = Pods/Pods.xcconfig; sourceTree = SOURCE_ROOT; };
		83D310D41706154500BBE53D /* BVMBrowserSelectorViewController.h */ = {isa = PBXFileReference; fileEncoding = 4; lastKnownFileType = sourcecode.c.h; path = BVMBrowserSelectorViewController.h; sourceTree = "<group>"; };
		83D310D51706154500BBE53D /* BVMBrowserSelectorViewController.m */ = {isa = PBXFileReference; fileEncoding = 4; lastKnownFileType = sourcecode.c.objc; path = BVMBrowserSelectorViewController.m; sourceTree = "<group>"; };
		932709B71682353E0013DEB5 /* buyvmmanager.app */ = {isa = PBXFileReference; explicitFileType = wrapper.application; includeInIndex = 0; path = buyvmmanager.app; sourceTree = BUILT_PRODUCTS_DIR; };
		932709BB1682353E0013DEB5 /* UIKit.framework */ = {isa = PBXFileReference; lastKnownFileType = wrapper.framework; name = UIKit.framework; path = System/Library/Frameworks/UIKit.framework; sourceTree = SDKROOT; };
		932709BD1682353E0013DEB5 /* Foundation.framework */ = {isa = PBXFileReference; lastKnownFileType = wrapper.framework; name = Foundation.framework; path = System/Library/Frameworks/Foundation.framework; sourceTree = SDKROOT; };
		932709BF1682353E0013DEB5 /* CoreGraphics.framework */ = {isa = PBXFileReference; lastKnownFileType = wrapper.framework; name = CoreGraphics.framework; path = System/Library/Frameworks/CoreGraphics.framework; sourceTree = SDKROOT; };
		932709C31682353E0013DEB5 /* buyvmmanager-Info.plist */ = {isa = PBXFileReference; lastKnownFileType = text.plist.xml; path = "buyvmmanager-Info.plist"; sourceTree = "<group>"; };
		932709C51682353E0013DEB5 /* en */ = {isa = PBXFileReference; lastKnownFileType = text.plist.strings; name = en; path = en.lproj/InfoPlist.strings; sourceTree = "<group>"; };
		932709C71682353E0013DEB5 /* main.m */ = {isa = PBXFileReference; lastKnownFileType = sourcecode.c.objc; path = main.m; sourceTree = "<group>"; };
		932709C91682353E0013DEB5 /* buyvmmanager-Prefix.pch */ = {isa = PBXFileReference; lastKnownFileType = sourcecode.c.h; path = "buyvmmanager-Prefix.pch"; sourceTree = "<group>"; };
		932709CA1682353E0013DEB5 /* BVMAppDelegate.h */ = {isa = PBXFileReference; lastKnownFileType = sourcecode.c.h; path = BVMAppDelegate.h; sourceTree = "<group>"; };
		932709CB1682353E0013DEB5 /* BVMAppDelegate.m */ = {isa = PBXFileReference; lastKnownFileType = sourcecode.c.objc; path = BVMAppDelegate.m; sourceTree = "<group>"; };
		932709CD1682353E0013DEB5 /* Default.png */ = {isa = PBXFileReference; lastKnownFileType = image.png; path = Default.png; sourceTree = "<group>"; };
		932709CF1682353E0013DEB5 /* Default@2x.png */ = {isa = PBXFileReference; lastKnownFileType = image.png; path = "Default@2x.png"; sourceTree = "<group>"; };
		932709D11682353E0013DEB5 /* Default-568h@2x.png */ = {isa = PBXFileReference; lastKnownFileType = image.png; path = "Default-568h@2x.png"; sourceTree = "<group>"; };
		932709E716823FB80013DEB5 /* BVMServerActionPerform.h */ = {isa = PBXFileReference; fileEncoding = 4; lastKnownFileType = sourcecode.c.h; path = BVMServerActionPerform.h; sourceTree = "<group>"; };
		932709E816823FB80013DEB5 /* BVMServerActionPerform.m */ = {isa = PBXFileReference; fileEncoding = 4; lastKnownFileType = sourcecode.c.objc; path = BVMServerActionPerform.m; sourceTree = "<group>"; };
		932709EA1682411A0013DEB5 /* BVMAPIClient.h */ = {isa = PBXFileReference; fileEncoding = 4; lastKnownFileType = sourcecode.c.h; path = BVMAPIClient.h; sourceTree = "<group>"; };
		932709EB1682411A0013DEB5 /* BVMAPIClient.m */ = {isa = PBXFileReference; fileEncoding = 4; lastKnownFileType = sourcecode.c.objc; path = BVMAPIClient.m; sourceTree = "<group>"; };
		932709ED168243950013DEB5 /* BVMServerInfo.h */ = {isa = PBXFileReference; fileEncoding = 4; lastKnownFileType = sourcecode.c.h; path = BVMServerInfo.h; sourceTree = "<group>"; };
		932709EE168243950013DEB5 /* BVMServerInfo.m */ = {isa = PBXFileReference; fileEncoding = 4; lastKnownFileType = sourcecode.c.objc; path = BVMServerInfo.m; sourceTree = "<group>"; };
		932709F1168244E20013DEB5 /* BVMServerViewController.h */ = {isa = PBXFileReference; fileEncoding = 4; lastKnownFileType = sourcecode.c.h; path = BVMServerViewController.h; sourceTree = "<group>"; };
		932709F2168244E20013DEB5 /* BVMServerViewController.m */ = {isa = PBXFileReference; fileEncoding = 4; lastKnownFileType = sourcecode.c.objc; path = BVMServerViewController.m; sourceTree = "<group>"; };
		93270A00168269740013DEB5 /* NSArray+BVMArrayExtensions.h */ = {isa = PBXFileReference; fileEncoding = 4; lastKnownFileType = sourcecode.c.h; path = "NSArray+BVMArrayExtensions.h"; sourceTree = "<group>"; };
		93270A01168269740013DEB5 /* NSArray+BVMArrayExtensions.m */ = {isa = PBXFileReference; fileEncoding = 4; lastKnownFileType = sourcecode.c.objc; path = "NSArray+BVMArrayExtensions.m"; sourceTree = "<group>"; };
		93270A031682726F0013DEB5 /* BVMHumanValueTransformer.h */ = {isa = PBXFileReference; fileEncoding = 4; lastKnownFileType = sourcecode.c.h; path = BVMHumanValueTransformer.h; sourceTree = "<group>"; };
		93270A041682726F0013DEB5 /* BVMHumanValueTransformer.m */ = {isa = PBXFileReference; fileEncoding = 4; lastKnownFileType = sourcecode.c.objc; path = BVMHumanValueTransformer.m; sourceTree = "<group>"; };
		93270A1C16827E940013DEB5 /* CFNetwork.framework */ = {isa = PBXFileReference; lastKnownFileType = wrapper.framework; name = CFNetwork.framework; path = System/Library/Frameworks/CFNetwork.framework; sourceTree = SDKROOT; };
		935FEEC016829B4700BE3892 /* BVMIPListViewController.h */ = {isa = PBXFileReference; fileEncoding = 4; lastKnownFileType = sourcecode.c.h; path = BVMIPListViewController.h; sourceTree = "<group>"; };
		935FEEC116829B4700BE3892 /* BVMIPListViewController.m */ = {isa = PBXFileReference; fileEncoding = 4; lastKnownFileType = sourcecode.c.objc; path = BVMIPListViewController.m; sourceTree = "<group>"; };
		935FEEC41682A0FA00BE3892 /* BVMSizesListViewController.h */ = {isa = PBXFileReference; fileEncoding = 4; lastKnownFileType = sourcecode.c.h; path = BVMSizesListViewController.h; sourceTree = "<group>"; };
		935FEEC51682A0FA00BE3892 /* BVMSizesListViewController.m */ = {isa = PBXFileReference; fileEncoding = 4; lastKnownFileType = sourcecode.c.objc; path = BVMSizesListViewController.m; sourceTree = "<group>"; };
		935FEECF1682BC3700BE3892 /* BVMServersManager.h */ = {isa = PBXFileReference; fileEncoding = 4; lastKnownFileType = sourcecode.c.h; path = BVMServersManager.h; sourceTree = "<group>"; };
		935FEED01682BC3700BE3892 /* BVMServersManager.m */ = {isa = PBXFileReference; fileEncoding = 4; lastKnownFileType = sourcecode.c.objc; path = BVMServersManager.m; sourceTree = "<group>"; };
		935FEED21682C06900BE3892 /* BVMServersListViewController.h */ = {isa = PBXFileReference; fileEncoding = 4; lastKnownFileType = sourcecode.c.h; path = BVMServersListViewController.h; sourceTree = "<group>"; };
		935FEED31682C06900BE3892 /* BVMServersListViewController.m */ = {isa = PBXFileReference; fileEncoding = 4; lastKnownFileType = sourcecode.c.objc; path = BVMServersListViewController.m; sourceTree = "<group>"; };
		935FEED51682C87300BE3892 /* BVMAddEditServerViewController.h */ = {isa = PBXFileReference; fileEncoding = 4; lastKnownFileType = sourcecode.c.h; path = BVMAddEditServerViewController.h; sourceTree = "<group>"; };
		935FEED81682CC2500BE3892 /* BVMTextFieldTableViewCell.h */ = {isa = PBXFileReference; fileEncoding = 4; lastKnownFileType = sourcecode.c.h; path = BVMTextFieldTableViewCell.h; sourceTree = "<group>"; };
		935FEED91682CC2500BE3892 /* BVMTextFieldTableViewCell.m */ = {isa = PBXFileReference; fileEncoding = 4; lastKnownFileType = sourcecode.c.objc; path = BVMTextFieldTableViewCell.m; sourceTree = "<group>"; };
		937CCC441684F5B70075BD01 /* BVMErrorDomain.m */ = {isa = PBXFileReference; fileEncoding = 4; lastKnownFileType = sourcecode.c.objc; path = BVMErrorDomain.m; sourceTree = "<group>"; };
		937CCC6B168528100075BD01 /* 119-Camera.png */ = {isa = PBXFileReference; lastKnownFileType = image.png; path = "119-Camera.png"; sourceTree = "<group>"; };
		937CCC6D168528240075BD01 /* 119-Camera@2x.png */ = {isa = PBXFileReference; lastKnownFileType = image.png; path = "119-Camera@2x.png"; sourceTree = "<group>"; };
		937CCC6F168533700075BD01 /* BVMAboutSettingsViewController.h */ = {isa = PBXFileReference; fileEncoding = 4; lastKnownFileType = sourcecode.c.h; path = BVMAboutSettingsViewController.h; sourceTree = "<group>"; };
		937CCC70168533700075BD01 /* BVMAboutSettingsViewController.m */ = {isa = PBXFileReference; fileEncoding = 4; lastKnownFileType = sourcecode.c.objc; path = BVMAboutSettingsViewController.m; sourceTree = "<group>"; };
		937CCC92168631D70075BD01 /* Icon-72.png */ = {isa = PBXFileReference; lastKnownFileType = image.png; name = "Icon-72.png"; path = "icon/resources/Icon-72.png"; sourceTree = SOURCE_ROOT; };
		937CCC93168631D70075BD01 /* Icon-72@2x.png */ = {isa = PBXFileReference; lastKnownFileType = image.png; name = "Icon-72@2x.png"; path = "icon/resources/Icon-72@2x.png"; sourceTree = SOURCE_ROOT; };
		937CCC94168631D70075BD01 /* Icon.png */ = {isa = PBXFileReference; lastKnownFileType = image.png; name = Icon.png; path = icon/resources/Icon.png; sourceTree = SOURCE_ROOT; };
		937CCC95168631D70075BD01 /* Icon@2x.png */ = {isa = PBXFileReference; lastKnownFileType = image.png; name = "Icon@2x.png"; path = "icon/resources/Icon@2x.png"; sourceTree = SOURCE_ROOT; };
		937CCC96168631D70075BD01 /* iTunesArtwork */ = {isa = PBXFileReference; lastKnownFileType = file; name = iTunesArtwork; path = icon/resources/iTunesArtwork; sourceTree = SOURCE_ROOT; };
		937CCC9E168633FF0075BD01 /* iTunesArtwork@2x */ = {isa = PBXFileReference; lastKnownFileType = file; name = "iTunesArtwork@2x"; path = "icon/resources/iTunesArtwork@2x"; sourceTree = SOURCE_ROOT; };
		9382C96F16E3F36B00191302 /* BVMEmptyDetailViewController.h */ = {isa = PBXFileReference; fileEncoding = 4; lastKnownFileType = sourcecode.c.h; path = BVMEmptyDetailViewController.h; sourceTree = "<group>"; };
		9382C97016E3F36B00191302 /* BVMEmptyDetailViewController.m */ = {isa = PBXFileReference; fileEncoding = 4; lastKnownFileType = sourcecode.c.objc; path = BVMEmptyDetailViewController.m; sourceTree = "<group>"; };
		9382C97116E3F36B00191302 /* BVMEmptyDetailViewController.xib */ = {isa = PBXFileReference; fileEncoding = 4; lastKnownFileType = file.xib; path = BVMEmptyDetailViewController.xib; sourceTree = "<group>"; };
		9382EEAA1684F0200032E864 /* SystemConfiguration.framework */ = {isa = PBXFileReference; lastKnownFileType = wrapper.framework; name = SystemConfiguration.framework; path = System/Library/Frameworks/SystemConfiguration.framework; sourceTree = SDKROOT; };
		938662D81691F7F60049D6A1 /* CDZViewControllerModalDismissal.h */ = {isa = PBXFileReference; lastKnownFileType = sourcecode.c.h; path = CDZViewControllerModalDismissal.h; sourceTree = "<group>"; };
		93ADFEC0168E6F5600F8256C /* Default-Landscape.png */ = {isa = PBXFileReference; lastKnownFileType = image.png; path = "Default-Landscape.png"; sourceTree = "<group>"; };
		93ADFEC1168E6F5600F8256C /* Default-Landscape@2x.png */ = {isa = PBXFileReference; lastKnownFileType = image.png; path = "Default-Landscape@2x.png"; sourceTree = "<group>"; };
		93ADFEC2168E6F5600F8256C /* Default-Portrait.png */ = {isa = PBXFileReference; lastKnownFileType = image.png; path = "Default-Portrait.png"; sourceTree = "<group>"; };
		93ADFEC3168E6F5600F8256C /* Default-Portrait@2x.png */ = {isa = PBXFileReference; lastKnownFileType = image.png; path = "Default-Portrait@2x.png"; sourceTree = "<group>"; };
		93ADFEDB168EB82C00F8256C /* KCMutableDictionary.h */ = {isa = PBXFileReference; fileEncoding = 4; lastKnownFileType = sourcecode.c.h; path = KCMutableDictionary.h; sourceTree = "<group>"; };
		93ADFEDC168EB82C00F8256C /* KCMutableDictionary.m */ = {isa = PBXFileReference; fileEncoding = 4; lastKnownFileType = sourcecode.c.objc; path = KCMutableDictionary.m; sourceTree = "<group>"; };
		93ADFEDE168EBC8E00F8256C /* Security.framework */ = {isa = PBXFileReference; lastKnownFileType = wrapper.framework; name = Security.framework; path = System/Library/Frameworks/Security.framework; sourceTree = SDKROOT; };
		93ADFEE0168F487F00F8256C /* BVMAddEditServerViewController.m */ = {isa = PBXFileReference; fileEncoding = 4; lastKnownFileType = sourcecode.c.objc; path = BVMAddEditServerViewController.m; sourceTree = "<group>"; };
		93BADD3F1683C19900B0CD6F /* UIColor+BVMColors.h */ = {isa = PBXFileReference; fileEncoding = 4; lastKnownFileType = sourcecode.c.h; path = "UIColor+BVMColors.h"; sourceTree = "<group>"; };
		93BADD401683C19900B0CD6F /* UIColor+BVMColors.m */ = {isa = PBXFileReference; fileEncoding = 4; lastKnownFileType = sourcecode.c.objc; path = "UIColor+BVMColors.m"; sourceTree = "<group>"; };
		93BADD461684DE9D00B0CD6F /* BVMAPIResponseParser.h */ = {isa = PBXFileReference; fileEncoding = 4; lastKnownFileType = sourcecode.c.h; path = BVMAPIResponseParser.h; sourceTree = "<group>"; };
		93BADD471684DE9D00B0CD6F /* BVMAPIResponseParser.m */ = {isa = PBXFileReference; fileEncoding = 4; lastKnownFileType = sourcecode.c.objc; path = BVMAPIResponseParser.m; sourceTree = "<group>"; };
		93BADD491684E47A00B0CD6F /* NSError+BVMErrors.h */ = {isa = PBXFileReference; fileEncoding = 4; lastKnownFileType = sourcecode.c.h; path = "NSError+BVMErrors.h"; sourceTree = "<group>"; };
		93BADD4A1684E47A00B0CD6F /* NSError+BVMErrors.m */ = {isa = PBXFileReference; fileEncoding = 4; lastKnownFileType = sourcecode.c.objc; path = "NSError+BVMErrors.m"; sourceTree = "<group>"; };
		93BADD4C1684E60A00B0CD6F /* BVMErrorDomain.h */ = {isa = PBXFileReference; fileEncoding = 4; lastKnownFileType = sourcecode.c.h; path = BVMErrorDomain.h; sourceTree = "<group>"; };
		93E5D84816EE83EA00C57111 /* 072-Settings@2x.png */ = {isa = PBXFileReference; lastKnownFileType = image.png; path = "072-Settings@2x.png"; sourceTree = "<group>"; };
		93E5D84A16EE83FE00C57111 /* 072-Settings.png */ = {isa = PBXFileReference; lastKnownFileType = image.png; path = "072-Settings.png"; sourceTree = "<group>"; };
/* End PBXFileReference section */

/* Begin PBXFrameworksBuildPhase section */
		932709B41682353E0013DEB5 /* Frameworks */ = {
			isa = PBXFrameworksBuildPhase;
			buildActionMask = 2147483647;
			files = (
				93ADFEDF168EBC8E00F8256C /* Security.framework in Frameworks */,
				9382EEAB1684F0200032E864 /* SystemConfiguration.framework in Frameworks */,
				932709BC1682353E0013DEB5 /* UIKit.framework in Frameworks */,
				932709BE1682353E0013DEB5 /* Foundation.framework in Frameworks */,
				932709C01682353E0013DEB5 /* CoreGraphics.framework in Frameworks */,
				130AAD4E603A434F8D6A27DC /* libPods.a in Frameworks */,
			);
			runOnlyForDeploymentPostprocessing = 0;
		};
/* End PBXFrameworksBuildPhase section */

/* Begin PBXGroup section */
		932709AC1682353E0013DEB5 = {
			isa = PBXGroup;
			children = (
				932709C11682353E0013DEB5 /* buyvmmanager */,
				932709BA1682353E0013DEB5 /* Frameworks */,
				932709B81682353E0013DEB5 /* Products */,
				80B2C269AC9B4268AAA56007 /* Pods.xcconfig */,
			);
			sourceTree = "<group>";
		};
		932709B81682353E0013DEB5 /* Products */ = {
			isa = PBXGroup;
			children = (
				932709B71682353E0013DEB5 /* buyvmmanager.app */,
			);
			name = Products;
			sourceTree = "<group>";
		};
		932709BA1682353E0013DEB5 /* Frameworks */ = {
			isa = PBXGroup;
			children = (
				93ADFEDE168EBC8E00F8256C /* Security.framework */,
				9382EEAA1684F0200032E864 /* SystemConfiguration.framework */,
				93270A1C16827E940013DEB5 /* CFNetwork.framework */,
				932709BB1682353E0013DEB5 /* UIKit.framework */,
				932709BD1682353E0013DEB5 /* Foundation.framework */,
				932709BF1682353E0013DEB5 /* CoreGraphics.framework */,
				5465409E48DF47418E17CBD0 /* libPods.a */,
			);
			name = Frameworks;
			sourceTree = "<group>";
		};
		932709C11682353E0013DEB5 /* buyvmmanager */ = {
			isa = PBXGroup;
			children = (
				932709E616823FA20013DEB5 /* API */,
				932709FE168269380013DEB5 /* Categories */,
				935FEEDB1682CC2900BE3892 /* Views */,
				932709F0168244710013DEB5 /* View Controllers */,
				932709CA1682353E0013DEB5 /* BVMAppDelegate.h */,
				932709CB1682353E0013DEB5 /* BVMAppDelegate.m */,
				93BADD4C1684E60A00B0CD6F /* BVMErrorDomain.h */,
				937CCC441684F5B70075BD01 /* BVMErrorDomain.m */,
				93270A031682726F0013DEB5 /* BVMHumanValueTransformer.h */,
				93270A041682726F0013DEB5 /* BVMHumanValueTransformer.m */,
				935FEECF1682BC3700BE3892 /* BVMServersManager.h */,
				935FEED01682BC3700BE3892 /* BVMServersManager.m */,
				938662D81691F7F60049D6A1 /* CDZViewControllerModalDismissal.h */,
				937CCC69168527FA0075BD01 /* Images */,
				932709C21682353E0013DEB5 /* Supporting Files */,
				93ADFED9168EB7FA00F8256C /* Vendor */,
			);
			path = buyvmmanager;
			sourceTree = "<group>";
		};
		932709C21682353E0013DEB5 /* Supporting Files */ = {
			isa = PBXGroup;
			children = (
				932709C31682353E0013DEB5 /* buyvmmanager-Info.plist */,
				932709C41682353E0013DEB5 /* InfoPlist.strings */,
				932709C71682353E0013DEB5 /* main.m */,
				932709C91682353E0013DEB5 /* buyvmmanager-Prefix.pch */,
				932709CD1682353E0013DEB5 /* Default.png */,
				932709CF1682353E0013DEB5 /* Default@2x.png */,
				932709D11682353E0013DEB5 /* Default-568h@2x.png */,
				93ADFEC0168E6F5600F8256C /* Default-Landscape.png */,
				93ADFEC1168E6F5600F8256C /* Default-Landscape@2x.png */,
				93ADFEC2168E6F5600F8256C /* Default-Portrait.png */,
				93ADFEC3168E6F5600F8256C /* Default-Portrait@2x.png */,
				937CCC92168631D70075BD01 /* Icon-72.png */,
				937CCC93168631D70075BD01 /* Icon-72@2x.png */,
				937CCC94168631D70075BD01 /* Icon.png */,
				937CCC95168631D70075BD01 /* Icon@2x.png */,
				937CCC96168631D70075BD01 /* iTunesArtwork */,
				937CCC9E168633FF0075BD01 /* iTunesArtwork@2x */,
			);
			name = "Supporting Files";
			sourceTree = "<group>";
		};
		932709E616823FA20013DEB5 /* API */ = {
			isa = PBXGroup;
			children = (
				932709EA1682411A0013DEB5 /* BVMAPIClient.h */,
				932709EB1682411A0013DEB5 /* BVMAPIClient.m */,
				93BADD461684DE9D00B0CD6F /* BVMAPIResponseParser.h */,
				93BADD471684DE9D00B0CD6F /* BVMAPIResponseParser.m */,
				932709E716823FB80013DEB5 /* BVMServerActionPerform.h */,
				932709E816823FB80013DEB5 /* BVMServerActionPerform.m */,
				932709ED168243950013DEB5 /* BVMServerInfo.h */,
				932709EE168243950013DEB5 /* BVMServerInfo.m */,
			);
			name = API;
			sourceTree = "<group>";
		};
		932709F0168244710013DEB5 /* View Controllers */ = {
			isa = PBXGroup;
			children = (
				937CCC6F168533700075BD01 /* BVMAboutSettingsViewController.h */,
				937CCC70168533700075BD01 /* BVMAboutSettingsViewController.m */,
				935FEED51682C87300BE3892 /* BVMAddEditServerViewController.h */,
				93ADFEE0168F487F00F8256C /* BVMAddEditServerViewController.m */,
				83D310D41706154500BBE53D /* BVMBrowserSelectorViewController.h */,
				83D310D51706154500BBE53D /* BVMBrowserSelectorViewController.m */,
				9382C96F16E3F36B00191302 /* BVMEmptyDetailViewController.h */,
				9382C97016E3F36B00191302 /* BVMEmptyDetailViewController.m */,
				9382C97116E3F36B00191302 /* BVMEmptyDetailViewController.xib */,
				935FEEC016829B4700BE3892 /* BVMIPListViewController.h */,
				935FEEC116829B4700BE3892 /* BVMIPListViewController.m */,
				935FEED21682C06900BE3892 /* BVMServersListViewController.h */,
				935FEED31682C06900BE3892 /* BVMServersListViewController.m */,
				932709F1168244E20013DEB5 /* BVMServerViewController.h */,
				932709F2168244E20013DEB5 /* BVMServerViewController.m */,
				935FEEC41682A0FA00BE3892 /* BVMSizesListViewController.h */,
				935FEEC51682A0FA00BE3892 /* BVMSizesListViewController.m */,
			);
			name = "View Controllers";
			sourceTree = "<group>";
		};
		932709FE168269380013DEB5 /* Categories */ = {
			isa = PBXGroup;
			children = (
				93270A00168269740013DEB5 /* NSArray+BVMArrayExtensions.h */,
				93270A01168269740013DEB5 /* NSArray+BVMArrayExtensions.m */,
				93BADD3F1683C19900B0CD6F /* UIColor+BVMColors.h */,
				93BADD401683C19900B0CD6F /* UIColor+BVMColors.m */,
				93BADD491684E47A00B0CD6F /* NSError+BVMErrors.h */,
				93BADD4A1684E47A00B0CD6F /* NSError+BVMErrors.m */,
			);
			name = Categories;
			sourceTree = "<group>";
		};
		935FEEDB1682CC2900BE3892 /* Views */ = {
			isa = PBXGroup;
			children = (
				935FEED81682CC2500BE3892 /* BVMTextFieldTableViewCell.h */,
				935FEED91682CC2500BE3892 /* BVMTextFieldTableViewCell.m */,
			);
			name = Views;
			sourceTree = "<group>";
		};
		937CCC69168527FA0075BD01 /* Images */ = {
			isa = PBXGroup;
			children = (
				93E5D84A16EE83FE00C57111 /* 072-Settings.png */,
				93E5D84816EE83EA00C57111 /* 072-Settings@2x.png */,
				937CCC6B168528100075BD01 /* 119-Camera.png */,
				937CCC6D168528240075BD01 /* 119-Camera@2x.png */,
			);
			name = Images;
			sourceTree = "<group>";
		};
		93ADFED9168EB7FA00F8256C /* Vendor */ = {
			isa = PBXGroup;
			children = (
				93ADFEDB168EB82C00F8256C /* KCMutableDictionary.h */,
				93ADFEDC168EB82C00F8256C /* KCMutableDictionary.m */,
			);
			name = Vendor;
			sourceTree = "<group>";
		};
/* End PBXGroup section */

/* Begin PBXNativeTarget section */
		932709B61682353E0013DEB5 /* buyvmmanager */ = {
			isa = PBXNativeTarget;
			buildConfigurationList = 932709D51682353E0013DEB5 /* Build configuration list for PBXNativeTarget "buyvmmanager" */;
			buildPhases = (
				932709B31682353E0013DEB5 /* Sources */,
				932709B41682353E0013DEB5 /* Frameworks */,
				932709B51682353E0013DEB5 /* Resources */,
				9BF6ADBEFB484F50AA65DA86 /* Copy Pods Resources */,
			);
			buildRules = (
			);
			dependencies = (
			);
			name = buyvmmanager;
			productName = buyvmmanager;
			productReference = 932709B71682353E0013DEB5 /* buyvmmanager.app */;
			productType = "com.apple.product-type.application";
		};
/* End PBXNativeTarget section */

/* Begin PBXProject section */
		932709AE1682353E0013DEB5 /* Project object */ = {
			isa = PBXProject;
			attributes = {
				CLASSPREFIX = BVM;
				LastUpgradeCheck = 0500;
				ORGANIZATIONNAME = "Chris Dzombak";
			};
			buildConfigurationList = 932709B11682353E0013DEB5 /* Build configuration list for PBXProject "buyvmmanager" */;
			compatibilityVersion = "Xcode 3.2";
			developmentRegion = English;
			hasScannedForEncodings = 0;
			knownRegions = (
				en,
			);
			mainGroup = 932709AC1682353E0013DEB5;
			productRefGroup = 932709B81682353E0013DEB5 /* Products */;
			projectDirPath = "";
			projectRoot = "";
			targets = (
				932709B61682353E0013DEB5 /* buyvmmanager */,
			);
		};
/* End PBXProject section */

/* Begin PBXResourcesBuildPhase section */
		932709B51682353E0013DEB5 /* Resources */ = {
			isa = PBXResourcesBuildPhase;
			buildActionMask = 2147483647;
			files = (
				932709C61682353E0013DEB5 /* InfoPlist.strings in Resources */,
				932709CE1682353E0013DEB5 /* Default.png in Resources */,
				932709D01682353E0013DEB5 /* Default@2x.png in Resources */,
				932709D21682353E0013DEB5 /* Default-568h@2x.png in Resources */,
				937CCC6C168528100075BD01 /* 119-Camera.png in Resources */,
				937CCC6E168528240075BD01 /* 119-Camera@2x.png in Resources */,
				937CCC98168631D70075BD01 /* Icon-72.png in Resources */,
				937CCC99168631D70075BD01 /* Icon-72@2x.png in Resources */,
				937CCC9A168631D70075BD01 /* Icon.png in Resources */,
				937CCC9B168631D70075BD01 /* Icon@2x.png in Resources */,
				937CCC9C168631D70075BD01 /* iTunesArtwork in Resources */,
				937CCC9F168633FF0075BD01 /* iTunesArtwork@2x in Resources */,
				93ADFEC4168E6F5600F8256C /* Default-Landscape.png in Resources */,
				93ADFEC5168E6F5600F8256C /* Default-Landscape@2x.png in Resources */,
				93ADFEC6168E6F5600F8256C /* Default-Portrait.png in Resources */,
				93ADFEC7168E6F5600F8256C /* Default-Portrait@2x.png in Resources */,
				9382C97316E3F36B00191302 /* BVMEmptyDetailViewController.xib in Resources */,
				93E5D84916EE83EA00C57111 /* 072-Settings@2x.png in Resources */,
				93E5D84B16EE83FE00C57111 /* 072-Settings.png in Resources */,
			);
			runOnlyForDeploymentPostprocessing = 0;
		};
/* End PBXResourcesBuildPhase section */

/* Begin PBXShellScriptBuildPhase section */
		9BF6ADBEFB484F50AA65DA86 /* Copy Pods Resources */ = {
			isa = PBXShellScriptBuildPhase;
			buildActionMask = 2147483647;
			files = (
			);
			inputPaths = (
			);
			name = "Copy Pods Resources";
			outputPaths = (
			);
			runOnlyForDeploymentPostprocessing = 0;
			shellPath = /bin/sh;
			shellScript = "\"${SRCROOT}/Pods/Pods-resources.sh\"\n";
		};
/* End PBXShellScriptBuildPhase section */

/* Begin PBXSourcesBuildPhase section */
		932709B31682353E0013DEB5 /* Sources */ = {
			isa = PBXSourcesBuildPhase;
			buildActionMask = 2147483647;
			files = (
				937CCC431684F4500075BD01 /* NSError+BVMErrors.m in Sources */,
				932709C81682353E0013DEB5 /* main.m in Sources */,
				932709CC1682353E0013DEB5 /* BVMAppDelegate.m in Sources */,
				932709E916823FB80013DEB5 /* BVMServerActionPerform.m in Sources */,
				932709EC1682411A0013DEB5 /* BVMAPIClient.m in Sources */,
				932709EF168243950013DEB5 /* BVMServerInfo.m in Sources */,
				932709F3168244E20013DEB5 /* BVMServerViewController.m in Sources */,
				93270A02168269740013DEB5 /* NSArray+BVMArrayExtensions.m in Sources */,
				93270A051682726F0013DEB5 /* BVMHumanValueTransformer.m in Sources */,
				935FEEC216829B4700BE3892 /* BVMIPListViewController.m in Sources */,
				935FEEC61682A0FA00BE3892 /* BVMSizesListViewController.m in Sources */,
				935FEED11682BC3700BE3892 /* BVMServersManager.m in Sources */,
				935FEED41682C06900BE3892 /* BVMServersListViewController.m in Sources */,
				935FEEDA1682CC2600BE3892 /* BVMTextFieldTableViewCell.m in Sources */,
				93BADD411683C19900B0CD6F /* UIColor+BVMColors.m in Sources */,
				93BADD481684DE9D00B0CD6F /* BVMAPIResponseParser.m in Sources */,
				937CCC451684F5B70075BD01 /* BVMErrorDomain.m in Sources */,
				937CCC71168533700075BD01 /* BVMAboutSettingsViewController.m in Sources */,
				93ADFEDD168EB82C00F8256C /* KCMutableDictionary.m in Sources */,
				93ADFEE1168F487F00F8256C /* BVMAddEditServerViewController.m in Sources */,
				9382C97216E3F36B00191302 /* BVMEmptyDetailViewController.m in Sources */,
				83D310D61706154500BBE53D /* BVMBrowserSelectorViewController.m in Sources */,
			);
			runOnlyForDeploymentPostprocessing = 0;
		};
/* End PBXSourcesBuildPhase section */

/* Begin PBXVariantGroup section */
		932709C41682353E0013DEB5 /* InfoPlist.strings */ = {
			isa = PBXVariantGroup;
			children = (
				932709C51682353E0013DEB5 /* en */,
			);
			name = InfoPlist.strings;
			sourceTree = "<group>";
		};
/* End PBXVariantGroup section */

/* Begin XCBuildConfiguration section */
		932709D31682353E0013DEB5 /* Debug */ = {
			isa = XCBuildConfiguration;
			buildSettings = {
				ALWAYS_SEARCH_USER_PATHS = NO;
				CLANG_ANALYZER_SECURITY_FLOATLOOPCOUNTER = YES;
				CLANG_ANALYZER_SECURITY_INSECUREAPI_RAND = YES;
				CLANG_ANALYZER_SECURITY_INSECUREAPI_STRCPY = YES;
				CLANG_CXX_LANGUAGE_STANDARD = "gnu++0x";
				CLANG_CXX_LIBRARY = "libc++";
				CLANG_ENABLE_MODULES = YES;
				CLANG_ENABLE_OBJC_ARC = YES;
				CLANG_WARN_EMPTY_BODY = YES;
				CLANG_WARN_IMPLICIT_SIGN_CONVERSION = YES;
				CLANG_WARN_OBJC_EXPLICIT_OWNERSHIP_TYPE = YES;
				CLANG_WARN_OBJC_IMPLICIT_ATOMIC_PROPERTIES = YES;
				CLANG_WARN_OBJC_IMPLICIT_RETAIN_SELF = YES;
				CLANG_WARN_OBJC_REPEATED_USE_OF_WEAK = NO;
				CLANG_WARN_SUSPICIOUS_IMPLICIT_CONVERSION = YES;
				CLANG_WARN__DUPLICATE_METHOD_MATCH = YES;
				"CODE_SIGN_IDENTITY[sdk=iphoneos*]" = "iPhone Developer";
				COPY_PHASE_STRIP = NO;
				ENABLE_NS_ASSERTIONS = YES;
				GCC_C_LANGUAGE_STANDARD = gnu99;
				GCC_DYNAMIC_NO_PIC = NO;
				GCC_OPTIMIZATION_LEVEL = 0;
				GCC_PREPROCESSOR_DEFINITIONS = (
					"DEBUG=1",
					"$(inherited)",
				);
				GCC_SYMBOLS_PRIVATE_EXTERN = NO;
				GCC_WARN_ABOUT_RETURN_TYPE = YES;
				GCC_WARN_PEDANTIC = YES;
				GCC_WARN_SIGN_COMPARE = YES;
				GCC_WARN_UNINITIALIZED_AUTOS = YES;
				GCC_WARN_UNKNOWN_PRAGMAS = YES;
				GCC_WARN_UNUSED_VARIABLE = YES;
				IPHONEOS_DEPLOYMENT_TARGET = 7.0;
				ONLY_ACTIVE_ARCH = YES;
				"PROVISIONING_PROFILE[sdk=iphoneos*]" = "";
				RUN_CLANG_STATIC_ANALYZER = YES;
				SDKROOT = iphoneos;
				TARGETED_DEVICE_FAMILY = "1,2";
			};
			name = Debug;
		};
		932709D41682353E0013DEB5 /* Release */ = {
			isa = XCBuildConfiguration;
			buildSettings = {
				ALWAYS_SEARCH_USER_PATHS = NO;
				CLANG_ANALYZER_SECURITY_FLOATLOOPCOUNTER = YES;
				CLANG_ANALYZER_SECURITY_INSECUREAPI_RAND = YES;
				CLANG_ANALYZER_SECURITY_INSECUREAPI_STRCPY = YES;
				CLANG_CXX_LANGUAGE_STANDARD = "gnu++0x";
				CLANG_CXX_LIBRARY = "libc++";
				CLANG_ENABLE_MODULES = YES;
				CLANG_ENABLE_OBJC_ARC = YES;
				CLANG_WARN_EMPTY_BODY = YES;
				CLANG_WARN_IMPLICIT_SIGN_CONVERSION = YES;
				CLANG_WARN_OBJC_EXPLICIT_OWNERSHIP_TYPE = YES;
				CLANG_WARN_OBJC_IMPLICIT_ATOMIC_PROPERTIES = YES;
				CLANG_WARN_OBJC_IMPLICIT_RETAIN_SELF = YES;
				CLANG_WARN_OBJC_REPEATED_USE_OF_WEAK = NO;
				CLANG_WARN_SUSPICIOUS_IMPLICIT_CONVERSION = YES;
				CLANG_WARN__DUPLICATE_METHOD_MATCH = YES;
				CODE_SIGN_IDENTITY = "iPhone Distribution";
				"CODE_SIGN_IDENTITY[sdk=iphoneos*]" = "iPhone Distribution";
				COPY_PHASE_STRIP = YES;
				ENABLE_NS_ASSERTIONS = NO;
				GCC_C_LANGUAGE_STANDARD = gnu99;
				GCC_TREAT_WARNINGS_AS_ERRORS = YES;
				GCC_WARN_ABOUT_RETURN_TYPE = YES;
				GCC_WARN_PEDANTIC = YES;
				GCC_WARN_SIGN_COMPARE = YES;
				GCC_WARN_UNINITIALIZED_AUTOS = YES;
				GCC_WARN_UNKNOWN_PRAGMAS = YES;
				GCC_WARN_UNUSED_VARIABLE = YES;
				IPHONEOS_DEPLOYMENT_TARGET = 7.0;
				OTHER_CFLAGS = "-DNS_BLOCK_ASSERTIONS=1";
				PROVISIONING_PROFILE = "";
				"PROVISIONING_PROFILE[sdk=iphoneos*]" = "";
				RUN_CLANG_STATIC_ANALYZER = YES;
				SDKROOT = iphoneos;
				TARGETED_DEVICE_FAMILY = "1,2";
				VALIDATE_PRODUCT = YES;
			};
			name = Release;
		};
		932709D61682353E0013DEB5 /* Debug */ = {
			isa = XCBuildConfiguration;
			baseConfigurationReference = 80B2C269AC9B4268AAA56007 /* Pods.xcconfig */;
			buildSettings = {
				GCC_PRECOMPILE_PREFIX_HEADER = YES;
				GCC_PREFIX_HEADER = "buyvmmanager/buyvmmanager-Prefix.pch";
				INFOPLIST_FILE = "buyvmmanager/buyvmmanager-Info.plist";
				IPHONEOS_DEPLOYMENT_TARGET = 5.0;
				PRODUCT_NAME = "$(TARGET_NAME)";
				WRAPPER_EXTENSION = app;
			};
			name = Debug;
		};
		932709D71682353E0013DEB5 /* Release */ = {
			isa = XCBuildConfiguration;
			baseConfigurationReference = 80B2C269AC9B4268AAA56007 /* Pods.xcconfig */;
			buildSettings = {
				CODE_SIGN_IDENTITY = "iPhone Distribution";
				GCC_PRECOMPILE_PREFIX_HEADER = YES;
				GCC_PREFIX_HEADER = "buyvmmanager/buyvmmanager-Prefix.pch";
				INFOPLIST_FILE = "buyvmmanager/buyvmmanager-Info.plist";
				IPHONEOS_DEPLOYMENT_TARGET = 5.0;
				PRODUCT_NAME = "$(TARGET_NAME)";
				PROVISIONING_PROFILE = "";
				WRAPPER_EXTENSION = app;
			};
			name = Release;
		};
/* End XCBuildConfiguration section */

/* Begin XCConfigurationList section */
		932709B11682353E0013DEB5 /* Build configuration list for PBXProject "buyvmmanager" */ = {
			isa = XCConfigurationList;
			buildConfigurations = (
				932709D31682353E0013DEB5 /* Debug */,
				932709D41682353E0013DEB5 /* Release */,
			);
			defaultConfigurationIsVisible = 0;
			defaultConfigurationName = Release;
		};
		932709D51682353E0013DEB5 /* Build configuration list for PBXNativeTarget "buyvmmanager" */ = {
			isa = XCConfigurationList;
			buildConfigurations = (
				932709D61682353E0013DEB5 /* Debug */,
				932709D71682353E0013DEB5 /* Release */,
			);
			defaultConfigurationIsVisible = 0;
			defaultConfigurationName = Release;
		};
/* End XCConfigurationList section */
	};
	rootObject = 932709AE1682353E0013DEB5 /* Project object */;
}
